// !$*UTF8*$!
{
	archiveVersion = 1;
	classes = {
	};
	objectVersion = 46;
	objects = {

/* Begin PBXBuildFile section */
		895635651ACBAD6800CA60E9 /* MockHTTP.h in Headers */ = {isa = PBXBuildFile; fileRef = 895635641ACBAD6800CA60E9 /* MockHTTP.h */; settings = {ATTRIBUTES = (Public, ); }; };
		8956356B1ACBAD6900CA60E9 /* MockHTTP.framework in Frameworks */ = {isa = PBXBuildFile; fileRef = 8956355F1ACBAD6800CA60E9 /* MockHTTP.framework */; };
		895635721ACBAD6900CA60E9 /* MockHTTPTests.swift in Sources */ = {isa = PBXBuildFile; fileRef = 895635711ACBAD6900CA60E9 /* MockHTTPTests.swift */; };
/* End PBXBuildFile section */

/* Begin PBXContainerItemProxy section */
		8956356C1ACBAD6900CA60E9 /* PBXContainerItemProxy */ = {
			isa = PBXContainerItemProxy;
			containerPortal = 895635561ACBAD6800CA60E9 /* Project object */;
			proxyType = 1;
			remoteGlobalIDString = 8956355E1ACBAD6800CA60E9;
			remoteInfo = MockHTTP;
		};
/* End PBXContainerItemProxy section */

/* Begin PBXFileReference section */
		8956355F1ACBAD6800CA60E9 /* MockHTTP.framework */ = {isa = PBXFileReference; explicitFileType = wrapper.framework; includeInIndex = 0; path = MockHTTP.framework; sourceTree = BUILT_PRODUCTS_DIR; };
		895635631ACBAD6800CA60E9 /* Info.plist */ = {isa = PBXFileReference; lastKnownFileType = text.plist.xml; path = Info.plist; sourceTree = "<group>"; };
		895635641ACBAD6800CA60E9 /* MockHTTP.h */ = {isa = PBXFileReference; lastKnownFileType = sourcecode.c.h; path = MockHTTP.h; sourceTree = "<group>"; };
		8956356A1ACBAD6900CA60E9 /* MockHTTPTests.xctest */ = {isa = PBXFileReference; explicitFileType = wrapper.cfbundle; includeInIndex = 0; path = MockHTTPTests.xctest; sourceTree = BUILT_PRODUCTS_DIR; };
		895635701ACBAD6900CA60E9 /* Info.plist */ = {isa = PBXFileReference; lastKnownFileType = text.plist.xml; path = Info.plist; sourceTree = "<group>"; };
		895635711ACBAD6900CA60E9 /* MockHTTPTests.swift */ = {isa = PBXFileReference; lastKnownFileType = sourcecode.swift; path = MockHTTPTests.swift; sourceTree = "<group>"; };
/* End PBXFileReference section */

/* Begin PBXFrameworksBuildPhase section */
		8956355B1ACBAD6800CA60E9 /* Frameworks */ = {
			isa = PBXFrameworksBuildPhase;
			buildActionMask = 2147483647;
			files = (
			);
			runOnlyForDeploymentPostprocessing = 0;
		};
		895635671ACBAD6900CA60E9 /* Frameworks */ = {
			isa = PBXFrameworksBuildPhase;
			buildActionMask = 2147483647;
			files = (
				8956356B1ACBAD6900CA60E9 /* MockHTTP.framework in Frameworks */,
			);
			runOnlyForDeploymentPostprocessing = 0;
		};
/* End PBXFrameworksBuildPhase section */

/* Begin PBXGroup section */
		895635551ACBAD6800CA60E9 = {
			isa = PBXGroup;
			children = (
				895635611ACBAD6800CA60E9 /* MockHTTP */,
				8956356E1ACBAD6900CA60E9 /* MockHTTPTests */,
				895635601ACBAD6800CA60E9 /* Products */,
			);
			sourceTree = "<group>";
		};
		895635601ACBAD6800CA60E9 /* Products */ = {
			isa = PBXGroup;
			children = (
				8956355F1ACBAD6800CA60E9 /* MockHTTP.framework */,
				8956356A1ACBAD6900CA60E9 /* MockHTTPTests.xctest */,
			);
			name = Products;
			sourceTree = "<group>";
		};
		895635611ACBAD6800CA60E9 /* MockHTTP */ = {
			isa = PBXGroup;
			children = (
				895635641ACBAD6800CA60E9 /* MockHTTP.h */,
				895635621ACBAD6800CA60E9 /* Supporting Files */,
			);
			path = MockHTTP;
			sourceTree = "<group>";
		};
		895635621ACBAD6800CA60E9 /* Supporting Files */ = {
			isa = PBXGroup;
			children = (
				895635631ACBAD6800CA60E9 /* Info.plist */,
			);
			name = "Supporting Files";
			sourceTree = "<group>";
		};
		8956356E1ACBAD6900CA60E9 /* MockHTTPTests */ = {
			isa = PBXGroup;
			children = (
				895635711ACBAD6900CA60E9 /* MockHTTPTests.swift */,
				8956356F1ACBAD6900CA60E9 /* Supporting Files */,
			);
			path = MockHTTPTests;
			sourceTree = "<group>";
		};
		8956356F1ACBAD6900CA60E9 /* Supporting Files */ = {
			isa = PBXGroup;
			children = (
				895635701ACBAD6900CA60E9 /* Info.plist */,
			);
			name = "Supporting Files";
			sourceTree = "<group>";
		};
/* End PBXGroup section */

/* Begin PBXHeadersBuildPhase section */
		8956355C1ACBAD6800CA60E9 /* Headers */ = {
			isa = PBXHeadersBuildPhase;
			buildActionMask = 2147483647;
			files = (
				895635651ACBAD6800CA60E9 /* MockHTTP.h in Headers */,
			);
			runOnlyForDeploymentPostprocessing = 0;
		};
/* End PBXHeadersBuildPhase section */

/* Begin PBXNativeTarget section */
		8956355E1ACBAD6800CA60E9 /* MockHTTP */ = {
			isa = PBXNativeTarget;
			buildConfigurationList = 895635751ACBAD6900CA60E9 /* Build configuration list for PBXNativeTarget "MockHTTP" */;
			buildPhases = (
				8956355A1ACBAD6800CA60E9 /* Sources */,
				8956355B1ACBAD6800CA60E9 /* Frameworks */,
				8956355C1ACBAD6800CA60E9 /* Headers */,
				8956355D1ACBAD6800CA60E9 /* Resources */,
			);
			buildRules = (
			);
			dependencies = (
			);
			name = MockHTTP;
			productName = MockHTTP;
			productReference = 8956355F1ACBAD6800CA60E9 /* MockHTTP.framework */;
			productType = "com.apple.product-type.framework";
		};
		895635691ACBAD6900CA60E9 /* MockHTTPTests */ = {
			isa = PBXNativeTarget;
			buildConfigurationList = 895635781ACBAD6900CA60E9 /* Build configuration list for PBXNativeTarget "MockHTTPTests" */;
			buildPhases = (
				895635661ACBAD6900CA60E9 /* Sources */,
				895635671ACBAD6900CA60E9 /* Frameworks */,
				895635681ACBAD6900CA60E9 /* Resources */,
			);
			buildRules = (
			);
			dependencies = (
				8956356D1ACBAD6900CA60E9 /* PBXTargetDependency */,
			);
			name = MockHTTPTests;
			productName = MockHTTPTests;
			productReference = 8956356A1ACBAD6900CA60E9 /* MockHTTPTests.xctest */;
			productType = "com.apple.product-type.bundle.unit-test";
		};
/* End PBXNativeTarget section */

/* Begin PBXProject section */
		895635561ACBAD6800CA60E9 /* Project object */ = {
			isa = PBXProject;
			attributes = {
				LastUpgradeCheck = 0630;
				ORGANIZATIONNAME = "Rachel Brindle";
				TargetAttributes = {
					8956355E1ACBAD6800CA60E9 = {
						CreatedOnToolsVersion = 6.3;
					};
					895635691ACBAD6900CA60E9 = {
						CreatedOnToolsVersion = 6.3;
					};
				};
			};
			buildConfigurationList = 895635591ACBAD6800CA60E9 /* Build configuration list for PBXProject "MockHTTP" */;
			compatibilityVersion = "Xcode 3.2";
			developmentRegion = English;
			hasScannedForEncodings = 0;
			knownRegions = (
				en,
			);
			mainGroup = 895635551ACBAD6800CA60E9;
			productRefGroup = 895635601ACBAD6800CA60E9 /* Products */;
			projectDirPath = "";
			projectRoot = "";
			targets = (
				8956355E1ACBAD6800CA60E9 /* MockHTTP */,
				895635691ACBAD6900CA60E9 /* MockHTTPTests */,
			);
		};
/* End PBXProject section */

/* Begin PBXResourcesBuildPhase section */
		8956355D1ACBAD6800CA60E9 /* Resources */ = {
			isa = PBXResourcesBuildPhase;
			buildActionMask = 2147483647;
			files = (
			);
			runOnlyForDeploymentPostprocessing = 0;
		};
		895635681ACBAD6900CA60E9 /* Resources */ = {
			isa = PBXResourcesBuildPhase;
			buildActionMask = 2147483647;
			files = (
			);
			runOnlyForDeploymentPostprocessing = 0;
		};
/* End PBXResourcesBuildPhase section */

/* Begin PBXSourcesBuildPhase section */
		8956355A1ACBAD6800CA60E9 /* Sources */ = {
			isa = PBXSourcesBuildPhase;
			buildActionMask = 2147483647;
			files = (
			);
			runOnlyForDeploymentPostprocessing = 0;
		};
		895635661ACBAD6900CA60E9 /* Sources */ = {
			isa = PBXSourcesBuildPhase;
			buildActionMask = 2147483647;
			files = (
				895635721ACBAD6900CA60E9 /* MockHTTPTests.swift in Sources */,
			);
			runOnlyForDeploymentPostprocessing = 0;
		};
/* End PBXSourcesBuildPhase section */

/* Begin PBXTargetDependency section */
		8956356D1ACBAD6900CA60E9 /* PBXTargetDependency */ = {
			isa = PBXTargetDependency;
			target = 8956355E1ACBAD6800CA60E9 /* MockHTTP */;
			targetProxy = 8956356C1ACBAD6900CA60E9 /* PBXContainerItemProxy */;
		};
/* End PBXTargetDependency section */

/* Begin XCBuildConfiguration section */
		895635731ACBAD6900CA60E9 /* Debug */ = {
			isa = XCBuildConfiguration;
			buildSettings = {
				ALWAYS_SEARCH_USER_PATHS = NO;
				CLANG_CXX_LANGUAGE_STANDARD = "gnu++0x";
				CLANG_CXX_LIBRARY = "libc++";
				CLANG_ENABLE_MODULES = YES;
				CLANG_ENABLE_OBJC_ARC = YES;
				CLANG_WARN_BOOL_CONVERSION = YES;
				CLANG_WARN_CONSTANT_CONVERSION = YES;
				CLANG_WARN_DIRECT_OBJC_ISA_USAGE = YES_ERROR;
				CLANG_WARN_EMPTY_BODY = YES;
				CLANG_WARN_ENUM_CONVERSION = YES;
				CLANG_WARN_INT_CONVERSION = YES;
				CLANG_WARN_OBJC_ROOT_CLASS = YES_ERROR;
				CLANG_WARN_UNREACHABLE_CODE = YES;
				CLANG_WARN__DUPLICATE_METHOD_MATCH = YES;
				"CODE_SIGN_IDENTITY[sdk=iphoneos*]" = "iPhone Developer";
				COPY_PHASE_STRIP = NO;
				CURRENT_PROJECT_VERSION = 1;
				DEBUG_INFORMATION_FORMAT = "dwarf-with-dsym";
				ENABLE_STRICT_OBJC_MSGSEND = YES;
				GCC_C_LANGUAGE_STANDARD = gnu99;
				GCC_DYNAMIC_NO_PIC = NO;
				GCC_NO_COMMON_BLOCKS = YES;
				GCC_OPTIMIZATION_LEVEL = 0;
				GCC_PREPROCESSOR_DEFINITIONS = (
					"DEBUG=1",
					"$(inherited)",
				);
				GCC_SYMBOLS_PRIVATE_EXTERN = NO;
				GCC_WARN_64_TO_32_BIT_CONVERSION = YES;
				GCC_WARN_ABOUT_RETURN_TYPE = YES_ERROR;
				GCC_WARN_UNDECLARED_SELECTOR = YES;
				GCC_WARN_UNINITIALIZED_AUTOS = YES_AGGRESSIVE;
				GCC_WARN_UNUSED_FUNCTION = YES;
				GCC_WARN_UNUSED_VARIABLE = YES;
				IPHONEOS_DEPLOYMENT_TARGET = 8.3;
				MTL_ENABLE_DEBUG_INFO = YES;
				ONLY_ACTIVE_ARCH = YES;
				SDKROOT = iphoneos;
				SWIFT_OPTIMIZATION_LEVEL = "-Onone";
				TARGETED_DEVICE_FAMILY = "1,2";
				VERSIONING_SYSTEM = "apple-generic";
				VERSION_INFO_PREFIX = "";
			};
			name = Debug;
		};
		895635741ACBAD6900CA60E9 /* Release */ = {
			isa = XCBuildConfiguration;
			buildSettings = {
				ALWAYS_SEARCH_USER_PATHS = NO;
				CLANG_CXX_LANGUAGE_STANDARD = "gnu++0x";
				CLANG_CXX_LIBRARY = "libc++";
				CLANG_ENABLE_MODULES = YES;
				CLANG_ENABLE_OBJC_ARC = YES;
				CLANG_WARN_BOOL_CONVERSION = YES;
				CLANG_WARN_CONSTANT_CONVERSION = YES;
				CLANG_WARN_DIRECT_OBJC_ISA_USAGE = YES_ERROR;
				CLANG_WARN_EMPTY_BODY = YES;
				CLANG_WARN_ENUM_CONVERSION = YES;
				CLANG_WARN_INT_CONVERSION = YES;
				CLANG_WARN_OBJC_ROOT_CLASS = YES_ERROR;
				CLANG_WARN_UNREACHABLE_CODE = YES;
				CLANG_WARN__DUPLICATE_METHOD_MATCH = YES;
				"CODE_SIGN_IDENTITY[sdk=iphoneos*]" = "iPhone Developer";
				COPY_PHASE_STRIP = NO;
				CURRENT_PROJECT_VERSION = 1;
				DEBUG_INFORMATION_FORMAT = "dwarf-with-dsym";
				ENABLE_NS_ASSERTIONS = NO;
				ENABLE_STRICT_OBJC_MSGSEND = YES;
				GCC_C_LANGUAGE_STANDARD = gnu99;
				GCC_NO_COMMON_BLOCKS = YES;
				GCC_WARN_64_TO_32_BIT_CONVERSION = YES;
				GCC_WARN_ABOUT_RETURN_TYPE = YES_ERROR;
				GCC_WARN_UNDECLARED_SELECTOR = YES;
				GCC_WARN_UNINITIALIZED_AUTOS = YES_AGGRESSIVE;
				GCC_WARN_UNUSED_FUNCTION = YES;
				GCC_WARN_UNUSED_VARIABLE = YES;
				IPHONEOS_DEPLOYMENT_TARGET = 8.3;
				MTL_ENABLE_DEBUG_INFO = NO;
				SDKROOT = iphoneos;
				TARGETED_DEVICE_FAMILY = "1,2";
				VALIDATE_PRODUCT = YES;
				VERSIONING_SYSTEM = "apple-generic";
				VERSION_INFO_PREFIX = "";
			};
			name = Release;
		};
		895635761ACBAD6900CA60E9 /* Debug */ = {
			isa = XCBuildConfiguration;
			buildSettings = {
				DEFINES_MODULE = YES;
				DYLIB_COMPATIBILITY_VERSION = 1;
				DYLIB_CURRENT_VERSION = 1;
				DYLIB_INSTALL_NAME_BASE = "@rpath";
				INFOPLIST_FILE = MockHTTP/Info.plist;
				INSTALL_PATH = "$(LOCAL_LIBRARY_DIR)/Frameworks";
				LD_RUNPATH_SEARCH_PATHS = "$(inherited) @executable_path/Frameworks @loader_path/Frameworks";
				PRODUCT_NAME = "$(TARGET_NAME)";
				SKIP_INSTALL = YES;
			};
			name = Debug;
		};
		895635771ACBAD6900CA60E9 /* Release */ = {
			isa = XCBuildConfiguration;
			buildSettings = {
				DEFINES_MODULE = YES;
				DYLIB_COMPATIBILITY_VERSION = 1;
				DYLIB_CURRENT_VERSION = 1;
				DYLIB_INSTALL_NAME_BASE = "@rpath";
				INFOPLIST_FILE = MockHTTP/Info.plist;
				INSTALL_PATH = "$(LOCAL_LIBRARY_DIR)/Frameworks";
				LD_RUNPATH_SEARCH_PATHS = "$(inherited) @executable_path/Frameworks @loader_path/Frameworks";
				PRODUCT_NAME = "$(TARGET_NAME)";
				SKIP_INSTALL = YES;
			};
			name = Release;
		};
		895635791ACBAD6900CA60E9 /* Debug */ = {
			isa = XCBuildConfiguration;
			buildSettings = {
				FRAMEWORK_SEARCH_PATHS = (
					"$(SDKROOT)/Developer/Library/Frameworks",
					"$(inherited)",
				);
				GCC_PREPROCESSOR_DEFINITIONS = (
					"DEBUG=1",
					"$(inherited)",
				);
				INFOPLIST_FILE = MockHTTPTests/Info.plist;
				LD_RUNPATH_SEARCH_PATHS = "$(inherited) @executable_path/Frameworks @loader_path/Frameworks";
				PRODUCT_NAME = "$(TARGET_NAME)";
			};
			name = Debug;
		};
		8956357A1ACBAD6900CA60E9 /* Release */ = {
			isa = XCBuildConfiguration;
			buildSettings = {
				FRAMEWORK_SEARCH_PATHS = (
					"$(SDKROOT)/Developer/Library/Frameworks",
					"$(inherited)",
				);
				INFOPLIST_FILE = MockHTTPTests/Info.plist;
				LD_RUNPATH_SEARCH_PATHS = "$(inherited) @executable_path/Frameworks @loader_path/Frameworks";
				PRODUCT_NAME = "$(TARGET_NAME)";
			};
			name = Release;
		};
/* End XCBuildConfiguration section */

/* Begin XCConfigurationList section */
		895635591ACBAD6800CA60E9 /* Build configuration list for PBXProject "MockHTTP" */ = {
			isa = XCConfigurationList;
			buildConfigurations = (
				895635731ACBAD6900CA60E9 /* Debug */,
				895635741ACBAD6900CA60E9 /* Release */,
			);
			defaultConfigurationIsVisible = 0;
			defaultConfigurationName = Release;
		};
		895635751ACBAD6900CA60E9 /* Build configuration list for PBXNativeTarget "MockHTTP" */ = {
			isa = XCConfigurationList;
			buildConfigurations = (
				895635761ACBAD6900CA60E9 /* Debug */,
				895635771ACBAD6900CA60E9 /* Release */,
			);
			defaultConfigurationIsVisible = 0;
		};
		895635781ACBAD6900CA60E9 /* Build configuration list for PBXNativeTarget "MockHTTPTests" */ = {
			isa = XCConfigurationList;
			buildConfigurations = (
				895635791ACBAD6900CA60E9 /* Debug */,
				8956357A1ACBAD6900CA60E9 /* Release */,
			);
			defaultConfigurationIsVisible = 0;
		};
/* End XCConfigurationList section */
	};
	rootObject = 895635561ACBAD6800CA60E9 /* Project object */;
}
